// !$*UTF8*$!
{
	archiveVersion = 1;
	classes = {
	};
	objectVersion = 46;
	objects = {

/* Begin PBXBuildFile section */
		F3011A9E1DFF8552008630F5 /* CollectionNormalCell.swift in Sources */ = {isa = PBXBuildFile; fileRef = F3011A9C1DFF8552008630F5 /* CollectionNormalCell.swift */; };
		F3011A9F1DFF8552008630F5 /* CollectionNormalCell.xib in Resources */ = {isa = PBXBuildFile; fileRef = F3011A9D1DFF8552008630F5 /* CollectionNormalCell.xib */; };
		F3015D3D1DC6E09E0017A1BA /* MainViewController.swift in Sources */ = {isa = PBXBuildFile; fileRef = F3015D3A1DC6E09E0017A1BA /* MainViewController.swift */; };
		F3015D3F1DC6E1180017A1BA /* HomeViewController.swift in Sources */ = {isa = PBXBuildFile; fileRef = F3015D3E1DC6E1180017A1BA /* HomeViewController.swift */; };
		F3015D421DC6F2AD0017A1BA /* UIBarButtonItem-Extention.swift in Sources */ = {isa = PBXBuildFile; fileRef = F3015D411DC6F2AD0017A1BA /* UIBarButtonItem-Extention.swift */; };
		F3015D441DC727620017A1BA /* PageTitleView.swift in Sources */ = {isa = PBXBuildFile; fileRef = F3015D431DC727620017A1BA /* PageTitleView.swift */; };
		F3015D461DC729140017A1BA /* Common.swift in Sources */ = {isa = PBXBuildFile; fileRef = F3015D451DC729140017A1BA /* Common.swift */; };
		F3015D481DC744610017A1BA /* PageContentView.swift in Sources */ = {isa = PBXBuildFile; fileRef = F3015D471DC744610017A1BA /* PageContentView.swift */; };
		F3015D4C1DC7472E0017A1BA /* UIColor-Extention.swift in Sources */ = {isa = PBXBuildFile; fileRef = F3015D4B1DC7472E0017A1BA /* UIColor-Extention.swift */; };
		F3020F561DC357C000CD5390 /* Home.storyboard in Resources */ = {isa = PBXBuildFile; fileRef = F3020F541DC357C000CD5390 /* Home.storyboard */; };
		F3020F591DC3582E00CD5390 /* Live.storyboard in Resources */ = {isa = PBXBuildFile; fileRef = F3020F571DC3582E00CD5390 /* Live.storyboard */; };
		F3020F5C1DC3586800CD5390 /* Follow.storyboard in Resources */ = {isa = PBXBuildFile; fileRef = F3020F5A1DC3586800CD5390 /* Follow.storyboard */; };
		F3020F5F1DC3589D00CD5390 /* Profile.storyboard in Resources */ = {isa = PBXBuildFile; fileRef = F3020F5D1DC3589D00CD5390 /* Profile.storyboard */; };
		F3099D1D1DCC5EF30012ED44 /* RecommendViewController.swift in Sources */ = {isa = PBXBuildFile; fileRef = F3099D1C1DCC5EF30012ED44 /* RecommendViewController.swift */; };
		F328372A1DCDC69E00C03F52 /* CollectionHeaderView.swift in Sources */ = {isa = PBXBuildFile; fileRef = F32837281DCDC69E00C03F52 /* CollectionHeaderView.swift */; };
		F328372B1DCDC69E00C03F52 /* CollectionHeaderView.xib in Resources */ = {isa = PBXBuildFile; fileRef = F32837291DCDC69E00C03F52 /* CollectionHeaderView.xib */; };
		F3CA75E81DC2080100105165 /* AppDelegate.swift in Sources */ = {isa = PBXBuildFile; fileRef = F3CA75E71DC2080100105165 /* AppDelegate.swift */; };
		F3CA75ED1DC2080100105165 /* Main.storyboard in Resources */ = {isa = PBXBuildFile; fileRef = F3CA75EB1DC2080100105165 /* Main.storyboard */; };
		F3CA75EF1DC2080100105165 /* Assets.xcassets in Resources */ = {isa = PBXBuildFile; fileRef = F3CA75EE1DC2080100105165 /* Assets.xcassets */; };
		F3CA75F21DC2080100105165 /* LaunchScreen.storyboard in Resources */ = {isa = PBXBuildFile; fileRef = F3CA75F01DC2080100105165 /* LaunchScreen.storyboard */; };
/* End PBXBuildFile section */

/* Begin PBXFileReference section */
		F3011A9C1DFF8552008630F5 /* CollectionNormalCell.swift */ = {isa = PBXFileReference; fileEncoding = 4; lastKnownFileType = sourcecode.swift; path = CollectionNormalCell.swift; sourceTree = "<group>"; };
		F3011A9D1DFF8552008630F5 /* CollectionNormalCell.xib */ = {isa = PBXFileReference; fileEncoding = 4; lastKnownFileType = file.xib; path = CollectionNormalCell.xib; sourceTree = "<group>"; };
		F3015D3A1DC6E09E0017A1BA /* MainViewController.swift */ = {isa = PBXFileReference; fileEncoding = 4; lastKnownFileType = sourcecode.swift; path = MainViewController.swift; sourceTree = "<group>"; };
		F3015D3E1DC6E1180017A1BA /* HomeViewController.swift */ = {isa = PBXFileReference; fileEncoding = 4; lastKnownFileType = sourcecode.swift; path = HomeViewController.swift; sourceTree = "<group>"; };
		F3015D411DC6F2AD0017A1BA /* UIBarButtonItem-Extention.swift */ = {isa = PBXFileReference; fileEncoding = 4; lastKnownFileType = sourcecode.swift; path = "UIBarButtonItem-Extention.swift"; sourceTree = "<group>"; };
		F3015D431DC727620017A1BA /* PageTitleView.swift */ = {isa = PBXFileReference; fileEncoding = 4; lastKnownFileType = sourcecode.swift; path = PageTitleView.swift; sourceTree = "<group>"; };
		F3015D451DC729140017A1BA /* Common.swift */ = {isa = PBXFileReference; fileEncoding = 4; lastKnownFileType = sourcecode.swift; path = Common.swift; sourceTree = "<group>"; };
		F3015D471DC744610017A1BA /* PageContentView.swift */ = {isa = PBXFileReference; fileEncoding = 4; lastKnownFileType = sourcecode.swift; path = PageContentView.swift; sourceTree = "<group>"; };
		F3015D4B1DC7472E0017A1BA /* UIColor-Extention.swift */ = {isa = PBXFileReference; fileEncoding = 4; lastKnownFileType = sourcecode.swift; path = "UIColor-Extention.swift"; sourceTree = "<group>"; };
		F3020F551DC357C000CD5390 /* Base */ = {isa = PBXFileReference; lastKnownFileType = file.storyboard; name = Base; path = DYZB/Base.lproj/Home.storyboard; sourceTree = SOURCE_ROOT; };
		F3020F581DC3582E00CD5390 /* Base */ = {isa = PBXFileReference; lastKnownFileType = file.storyboard; name = Base; path = DYZB/Base.lproj/Live.storyboard; sourceTree = SOURCE_ROOT; };
		F3020F5B1DC3586800CD5390 /* Base */ = {isa = PBXFileReference; lastKnownFileType = file.storyboard; name = Base; path = DYZB/Base.lproj/Follow.storyboard; sourceTree = SOURCE_ROOT; };
		F3020F5E1DC3589D00CD5390 /* Base */ = {isa = PBXFileReference; lastKnownFileType = file.storyboard; name = Base; path = DYZB/Base.lproj/Profile.storyboard; sourceTree = SOURCE_ROOT; };
		F3099D1C1DCC5EF30012ED44 /* RecommendViewController.swift */ = {isa = PBXFileReference; fileEncoding = 4; lastKnownFileType = sourcecode.swift; path = RecommendViewController.swift; sourceTree = "<group>"; };
		F32837281DCDC69E00C03F52 /* CollectionHeaderView.swift */ = {isa = PBXFileReference; fileEncoding = 4; lastKnownFileType = sourcecode.swift; path = CollectionHeaderView.swift; sourceTree = "<group>"; };
		F32837291DCDC69E00C03F52 /* CollectionHeaderView.xib */ = {isa = PBXFileReference; fileEncoding = 4; lastKnownFileType = file.xib; path = CollectionHeaderView.xib; sourceTree = "<group>"; };
		F3CA75E41DC2080100105165 /* DYZB.app */ = {isa = PBXFileReference; explicitFileType = wrapper.application; includeInIndex = 0; path = DYZB.app; sourceTree = BUILT_PRODUCTS_DIR; };
		F3CA75E71DC2080100105165 /* AppDelegate.swift */ = {isa = PBXFileReference; lastKnownFileType = sourcecode.swift; path = AppDelegate.swift; sourceTree = "<group>"; };
		F3CA75EC1DC2080100105165 /* Base */ = {isa = PBXFileReference; lastKnownFileType = file.storyboard; name = Base; path = Base.lproj/Main.storyboard; sourceTree = "<group>"; };
		F3CA75EE1DC2080100105165 /* Assets.xcassets */ = {isa = PBXFileReference; lastKnownFileType = folder.assetcatalog; path = Assets.xcassets; sourceTree = "<group>"; };
		F3CA75F11DC2080100105165 /* Base */ = {isa = PBXFileReference; lastKnownFileType = file.storyboard; name = Base; path = Base.lproj/LaunchScreen.storyboard; sourceTree = "<group>"; };
		F3CA75F31DC2080100105165 /* Info.plist */ = {isa = PBXFileReference; lastKnownFileType = text.plist.xml; path = Info.plist; sourceTree = "<group>"; };
/* End PBXFileReference section */

/* Begin PBXFrameworksBuildPhase section */
		F3CA75E11DC2080100105165 /* Frameworks */ = {
			isa = PBXFrameworksBuildPhase;
			buildActionMask = 2147483647;
			files = (
			);
			runOnlyForDeploymentPostprocessing = 0;
		};
/* End PBXFrameworksBuildPhase section */

/* Begin PBXGroup section */
		F3015D361DC6E0450017A1BA /* Controller */ = {
			isa = PBXGroup;
			children = (
				F3020F541DC357C000CD5390 /* Home.storyboard */,
				F3015D3E1DC6E1180017A1BA /* HomeViewController.swift */,
				F3099D1C1DCC5EF30012ED44 /* RecommendViewController.swift */,
			);
			path = Controller;
			sourceTree = "<group>";
		};
		F3015D371DC6E0450017A1BA /* Model */ = {
			isa = PBXGroup;
			children = (
			);
			path = Model;
			sourceTree = "<group>";
		};
		F3015D381DC6E0450017A1BA /* View */ = {
			isa = PBXGroup;
			children = (
				F32837281DCDC69E00C03F52 /* CollectionHeaderView.swift */,
				F32837291DCDC69E00C03F52 /* CollectionHeaderView.xib */,
			);
			path = View;
			sourceTree = "<group>";
		};
		F3015D391DC6E09E0017A1BA /* Controller */ = {
			isa = PBXGroup;
			children = (
				F3CA75EB1DC2080100105165 /* Main.storyboard */,
				F3015D3A1DC6E09E0017A1BA /* MainViewController.swift */,
			);
			path = Controller;
			sourceTree = "<group>";
		};
		F3015D3B1DC6E09E0017A1BA /* Model */ = {
			isa = PBXGroup;
			children = (
			);
			path = Model;
			sourceTree = "<group>";
		};
		F3015D3C1DC6E09E0017A1BA /* View */ = {
			isa = PBXGroup;
			children = (
				F3015D431DC727620017A1BA /* PageTitleView.swift */,
				F3015D471DC744610017A1BA /* PageContentView.swift */,
				F3011A9C1DFF8552008630F5 /* CollectionNormalCell.swift */,
				F3011A9D1DFF8552008630F5 /* CollectionNormalCell.xib */,
			);
			path = View;
			sourceTree = "<group>";
		};
		F3015D401DC6F25A0017A1BA /* Extention */ = {
			isa = PBXGroup;
			children = (
				F3015D411DC6F2AD0017A1BA /* UIBarButtonItem-Extention.swift */,
				F3015D4B1DC7472E0017A1BA /* UIColor-Extention.swift */,
			);
			path = Extention;
			sourceTree = "<group>";
		};
		F3C75AE81DC3420000F9CE0E /* Classes */ = {
			isa = PBXGroup;
			children = (
				F3C75AEC1DC3420000F9CE0E /* Main */,
				F3C75AEA1DC3420000F9CE0E /* Home */,
				F3C75AEB1DC3420000F9CE0E /* Live */,
				F3C75AE91DC3420000F9CE0E /* Follow */,
				F3C75AED1DC3420000F9CE0E /* Profile */,
				F3C75AEE1DC3420000F9CE0E /* Tools */,
			);
			path = Classes;
			sourceTree = "<group>";
		};
		F3C75AE91DC3420000F9CE0E /* Follow */ = {
			isa = PBXGroup;
			children = (
				F3020F5A1DC3586800CD5390 /* Follow.storyboard */,
			);
			path = Follow;
			sourceTree = "<group>";
		};
		F3C75AEA1DC3420000F9CE0E /* Home */ = {
			isa = PBXGroup;
			children = (
				F3015D371DC6E0450017A1BA /* Model */,
				F3015D381DC6E0450017A1BA /* View */,
				F3015D361DC6E0450017A1BA /* Controller */,
			);
			path = Home;
			sourceTree = "<group>";
		};
		F3C75AEB1DC3420000F9CE0E /* Live */ = {
			isa = PBXGroup;
			children = (
				F3020F571DC3582E00CD5390 /* Live.storyboard */,
			);
			path = Live;
			sourceTree = "<group>";
		};
		F3C75AEC1DC3420000F9CE0E /* Main */ = {
			isa = PBXGroup;
			children = (
				F3015D3B1DC6E09E0017A1BA /* Model */,
				F3015D3C1DC6E09E0017A1BA /* View */,
				F3015D391DC6E09E0017A1BA /* Controller */,
			);
			path = Main;
			sourceTree = "<group>";
		};
		F3C75AED1DC3420000F9CE0E /* Profile */ = {
			isa = PBXGroup;
			children = (
				F3020F5D1DC3589D00CD5390 /* Profile.storyboard */,
			);
			path = Profile;
			sourceTree = "<group>";
		};
		F3C75AEE1DC3420000F9CE0E /* Tools */ = {
			isa = PBXGroup;
			children = (
				F3015D401DC6F25A0017A1BA /* Extention */,
				F3015D451DC729140017A1BA /* Common.swift */,
			);
			path = Tools;
			sourceTree = "<group>";
		};
		F3CA75DB1DC2080100105165 = {
			isa = PBXGroup;
			children = (
				F3CA75E61DC2080100105165 /* DYZB */,
				F3CA75E51DC2080100105165 /* Products */,
			);
			sourceTree = "<group>";
		};
		F3CA75E51DC2080100105165 /* Products */ = {
			isa = PBXGroup;
			children = (
				F3CA75E41DC2080100105165 /* DYZB.app */,
			);
			name = Products;
			sourceTree = "<group>";
		};
		F3CA75E61DC2080100105165 /* DYZB */ = {
			isa = PBXGroup;
			children = (
				F3C75AE81DC3420000F9CE0E /* Classes */,
				F3CA75E71DC2080100105165 /* AppDelegate.swift */,
				F3CA75EE1DC2080100105165 /* Assets.xcassets */,
				F3CA75F01DC2080100105165 /* LaunchScreen.storyboard */,
				F3CA75F31DC2080100105165 /* Info.plist */,
			);
			path = DYZB;
			sourceTree = "<group>";
		};
/* End PBXGroup section */

/* Begin PBXNativeTarget section */
		F3CA75E31DC2080100105165 /* DYZB */ = {
			isa = PBXNativeTarget;
			buildConfigurationList = F3CA75F61DC2080100105165 /* Build configuration list for PBXNativeTarget "DYZB" */;
			buildPhases = (
				F3CA75E01DC2080100105165 /* Sources */,
				F3CA75E11DC2080100105165 /* Frameworks */,
				F3CA75E21DC2080100105165 /* Resources */,
			);
			buildRules = (
			);
			dependencies = (
			);
			name = DYZB;
			productName = DYZB;
			productReference = F3CA75E41DC2080100105165 /* DYZB.app */;
			productType = "com.apple.product-type.application";
		};
/* End PBXNativeTarget section */

/* Begin PBXProject section */
		F3CA75DC1DC2080100105165 /* Project object */ = {
			isa = PBXProject;
			attributes = {
				LastSwiftUpdateCheck = 0800;
				LastUpgradeCheck = 0800;
				ORGANIZATIONNAME = "鼎商动力";
				TargetAttributes = {
					F3CA75E31DC2080100105165 = {
						CreatedOnToolsVersion = 8.0;
						DevelopmentTeam = AX3CVMD7K6;
						ProvisioningStyle = Automatic;
					};
				};
			};
			buildConfigurationList = F3CA75DF1DC2080100105165 /* Build configuration list for PBXProject "DYZB" */;
			compatibilityVersion = "Xcode 3.2";
			developmentRegion = English;
			hasScannedForEncodings = 0;
			knownRegions = (
				en,
				Base,
			);
			mainGroup = F3CA75DB1DC2080100105165;
			productRefGroup = F3CA75E51DC2080100105165 /* Products */;
			projectDirPath = "";
			projectRoot = "";
			targets = (
				F3CA75E31DC2080100105165 /* DYZB */,
			);
		};
/* End PBXProject section */

/* Begin PBXResourcesBuildPhase section */
		F3CA75E21DC2080100105165 /* Resources */ = {
			isa = PBXResourcesBuildPhase;
			buildActionMask = 2147483647;
			files = (
				F3CA75F21DC2080100105165 /* LaunchScreen.storyboard in Resources */,
				F328372B1DCDC69E00C03F52 /* CollectionHeaderView.xib in Resources */,
				F3011A9F1DFF8552008630F5 /* CollectionNormalCell.xib in Resources */,
				F3CA75EF1DC2080100105165 /* Assets.xcassets in Resources */,
				F3CA75ED1DC2080100105165 /* Main.storyboard in Resources */,
				F3020F591DC3582E00CD5390 /* Live.storyboard in Resources */,
				F3020F561DC357C000CD5390 /* Home.storyboard in Resources */,
				F3020F5F1DC3589D00CD5390 /* Profile.storyboard in Resources */,
				F3020F5C1DC3586800CD5390 /* Follow.storyboard in Resources */,
			);
			runOnlyForDeploymentPostprocessing = 0;
		};
/* End PBXResourcesBuildPhase section */

/* Begin PBXSourcesBuildPhase section */
		F3CA75E01DC2080100105165 /* Sources */ = {
			isa = PBXSourcesBuildPhase;
			buildActionMask = 2147483647;
			files = (
				F3015D3D1DC6E09E0017A1BA /* MainViewController.swift in Sources */,
				F328372A1DCDC69E00C03F52 /* CollectionHeaderView.swift in Sources */,
				F3CA75E81DC2080100105165 /* AppDelegate.swift in Sources */,
				F3099D1D1DCC5EF30012ED44 /* RecommendViewController.swift in Sources */,
				F3015D4C1DC7472E0017A1BA /* UIColor-Extention.swift in Sources */,
				F3015D441DC727620017A1BA /* PageTitleView.swift in Sources */,
				F3015D481DC744610017A1BA /* PageContentView.swift in Sources */,
				F3015D3F1DC6E1180017A1BA /* HomeViewController.swift in Sources */,
				F3015D461DC729140017A1BA /* Common.swift in Sources */,
				F3011A9E1DFF8552008630F5 /* CollectionNormalCell.swift in Sources */,
				F3015D421DC6F2AD0017A1BA /* UIBarButtonItem-Extention.swift in Sources */,
			);
			runOnlyForDeploymentPostprocessing = 0;
		};
/* End PBXSourcesBuildPhase section */

/* Begin PBXVariantGroup section */
		F3020F541DC357C000CD5390 /* Home.storyboard */ = {
			isa = PBXVariantGroup;
			children = (
				F3020F551DC357C000CD5390 /* Base */,
			);
			name = Home.storyboard;
			path = ../../Main;
			sourceTree = "<group>";
		};
		F3020F571DC3582E00CD5390 /* Live.storyboard */ = {
			isa = PBXVariantGroup;
			children = (
				F3020F581DC3582E00CD5390 /* Base */,
			);
			name = Live.storyboard;
			path = ../Main;
			sourceTree = "<group>";
		};
		F3020F5A1DC3586800CD5390 /* Follow.storyboard */ = {
			isa = PBXVariantGroup;
			children = (
				F3020F5B1DC3586800CD5390 /* Base */,
			);
			name = Follow.storyboard;
			path = ../Main;
			sourceTree = "<group>";
		};
		F3020F5D1DC3589D00CD5390 /* Profile.storyboard */ = {
			isa = PBXVariantGroup;
			children = (
				F3020F5E1DC3589D00CD5390 /* Base */,
			);
			name = Profile.storyboard;
			path = ../Main;
			sourceTree = "<group>";
		};
		F3CA75EB1DC2080100105165 /* Main.storyboard */ = {
			isa = PBXVariantGroup;
			children = (
				F3CA75EC1DC2080100105165 /* Base */,
			);
			name = Main.storyboard;
			path = ../../..;
			sourceTree = "<group>";
		};
		F3CA75F01DC2080100105165 /* LaunchScreen.storyboard */ = {
			isa = PBXVariantGroup;
			children = (
				F3CA75F11DC2080100105165 /* Base */,
			);
			name = LaunchScreen.storyboard;
			sourceTree = "<group>";
		};
/* End PBXVariantGroup section */

/* Begin XCBuildConfiguration section */
		F3CA75F41DC2080100105165 /* Debug */ = {
			isa = XCBuildConfiguration;
			buildSettings = {
				ALWAYS_SEARCH_USER_PATHS = NO;
				CLANG_ANALYZER_NONNULL = YES;
				CLANG_CXX_LANGUAGE_STANDARD = "gnu++0x";
				CLANG_CXX_LIBRARY = "libc++";
				CLANG_ENABLE_MODULES = YES;
				CLANG_ENABLE_OBJC_ARC = YES;
				CLANG_WARN_BOOL_CONVERSION = YES;
				CLANG_WARN_CONSTANT_CONVERSION = YES;
				CLANG_WARN_DIRECT_OBJC_ISA_USAGE = YES_ERROR;
				CLANG_WARN_DOCUMENTATION_COMMENTS = YES;
				CLANG_WARN_EMPTY_BODY = YES;
				CLANG_WARN_ENUM_CONVERSION = YES;
				CLANG_WARN_INFINITE_RECURSION = YES;
				CLANG_WARN_INT_CONVERSION = YES;
				CLANG_WARN_OBJC_ROOT_CLASS = YES_ERROR;
				CLANG_WARN_SUSPICIOUS_MOVES = YES;
				CLANG_WARN_UNREACHABLE_CODE = YES;
				CLANG_WARN__DUPLICATE_METHOD_MATCH = YES;
				"CODE_SIGN_IDENTITY[sdk=iphoneos*]" = "iPhone Developer";
				COPY_PHASE_STRIP = NO;
				DEBUG_INFORMATION_FORMAT = dwarf;
				ENABLE_STRICT_OBJC_MSGSEND = YES;
				ENABLE_TESTABILITY = YES;
				GCC_C_LANGUAGE_STANDARD = gnu99;
				GCC_DYNAMIC_NO_PIC = NO;
				GCC_NO_COMMON_BLOCKS = YES;
				GCC_OPTIMIZATION_LEVEL = 0;
				GCC_PREPROCESSOR_DEFINITIONS = (
					"DEBUG=1",
					"$(inherited)",
				);
				GCC_WARN_64_TO_32_BIT_CONVERSION = YES;
				GCC_WARN_ABOUT_RETURN_TYPE = YES_ERROR;
				GCC_WARN_UNDECLARED_SELECTOR = YES;
				GCC_WARN_UNINITIALIZED_AUTOS = YES_AGGRESSIVE;
				GCC_WARN_UNUSED_FUNCTION = YES;
				GCC_WARN_UNUSED_VARIABLE = YES;
				IPHONEOS_DEPLOYMENT_TARGET = 10.0;
				MTL_ENABLE_DEBUG_INFO = YES;
				ONLY_ACTIVE_ARCH = YES;
				SDKROOT = iphoneos;
				SWIFT_ACTIVE_COMPILATION_CONDITIONS = DEBUG;
				SWIFT_OPTIMIZATION_LEVEL = "-Onone";
			};
			name = Debug;
		};
		F3CA75F51DC2080100105165 /* Release */ = {
			isa = XCBuildConfiguration;
			buildSettings = {
				ALWAYS_SEARCH_USER_PATHS = NO;
				CLANG_ANALYZER_NONNULL = YES;
				CLANG_CXX_LANGUAGE_STANDARD = "gnu++0x";
				CLANG_CXX_LIBRARY = "libc++";
				CLANG_ENABLE_MODULES = YES;
				CLANG_ENABLE_OBJC_ARC = YES;
				CLANG_WARN_BOOL_CONVERSION = YES;
				CLANG_WARN_CONSTANT_CONVERSION = YES;
				CLANG_WARN_DIRECT_OBJC_ISA_USAGE = YES_ERROR;
				CLANG_WARN_DOCUMENTATION_COMMENTS = YES;
				CLANG_WARN_EMPTY_BODY = YES;
				CLANG_WARN_ENUM_CONVERSION = YES;
				CLANG_WARN_INFINITE_RECURSION = YES;
				CLANG_WARN_INT_CONVERSION = YES;
				CLANG_WARN_OBJC_ROOT_CLASS = YES_ERROR;
				CLANG_WARN_SUSPICIOUS_MOVES = YES;
				CLANG_WARN_UNREACHABLE_CODE = YES;
				CLANG_WARN__DUPLICATE_METHOD_MATCH = YES;
				"CODE_SIGN_IDENTITY[sdk=iphoneos*]" = "iPhone Developer";
				COPY_PHASE_STRIP = NO;
				DEBUG_INFORMATION_FORMAT = "dwarf-with-dsym";
				ENABLE_NS_ASSERTIONS = NO;
				ENABLE_STRICT_OBJC_MSGSEND = YES;
				GCC_C_LANGUAGE_STANDARD = gnu99;
				GCC_NO_COMMON_BLOCKS = YES;
				GCC_WARN_64_TO_32_BIT_CONVERSION = YES;
				GCC_WARN_ABOUT_RETURN_TYPE = YES_ERROR;
				GCC_WARN_UNDECLARED_SELECTOR = YES;
				GCC_WARN_UNINITIALIZED_AUTOS = YES_AGGRESSIVE;
				GCC_WARN_UNUSED_FUNCTION = YES;
				GCC_WARN_UNUSED_VARIABLE = YES;
				IPHONEOS_DEPLOYMENT_TARGET = 10.0;
				MTL_ENABLE_DEBUG_INFO = NO;
				SDKROOT = iphoneos;
				SWIFT_OPTIMIZATION_LEVEL = "-Owholemodule";
				VALIDATE_PRODUCT = YES;
			};
			name = Release;
		};
		F3CA75F71DC2080100105165 /* Debug */ = {
			isa = XCBuildConfiguration;
			buildSettings = {
				ASSETCATALOG_COMPILER_APPICON_NAME = AppIcon;
				ASSETCATALOG_COMPILER_LAUNCHIMAGE_NAME = LaunchImage;
				DEVELOPMENT_TEAM = AX3CVMD7K6;
				INFOPLIST_FILE = DYZB/Info.plist;
				IPHONEOS_DEPLOYMENT_TARGET = 8.0;
				LD_RUNPATH_SEARCH_PATHS = "$(inherited) @executable_path/Frameworks";
				PRODUCT_BUNDLE_IDENTIFIER = com.dingshang.DYZB;
				PRODUCT_NAME = "$(TARGET_NAME)";
				SWIFT_VERSION = 3.0;
			};
			name = Debug;
		};
		F3CA75F81DC2080100105165 /* Release */ = {
			isa = XCBuildConfiguration;
			buildSettings = {
				ASSETCATALOG_COMPILER_APPICON_NAME = AppIcon;
				ASSETCATALOG_COMPILER_LAUNCHIMAGE_NAME = LaunchImage;
				DEVELOPMENT_TEAM = AX3CVMD7K6;
				INFOPLIST_FILE = DYZB/Info.plist;
				IPHONEOS_DEPLOYMENT_TARGET = 8.0;
				LD_RUNPATH_SEARCH_PATHS = "$(inherited) @executable_path/Frameworks";
				PRODUCT_BUNDLE_IDENTIFIER = com.dingshang.DYZB;
				PRODUCT_NAME = "$(TARGET_NAME)";
				SWIFT_VERSION = 3.0;
			};
			name = Release;
		};
/* End XCBuildConfiguration section */

/* Begin XCConfigurationList section */
		F3CA75DF1DC2080100105165 /* Build configuration list for PBXProject "DYZB" */ = {
			isa = XCConfigurationList;
			buildConfigurations = (
				F3CA75F41DC2080100105165 /* Debug */,
				F3CA75F51DC2080100105165 /* Release */,
			);
			defaultConfigurationIsVisible = 0;
			defaultConfigurationName = Release;
		};
		F3CA75F61DC2080100105165 /* Build configuration list for PBXNativeTarget "DYZB" */ = {
			isa = XCConfigurationList;
			buildConfigurations = (
				F3CA75F71DC2080100105165 /* Debug */,
				F3CA75F81DC2080100105165 /* Release */,
			);
			defaultConfigurationIsVisible = 0;
			defaultConfigurationName = Release;
		};
/* End XCConfigurationList section */
	};
	rootObject = F3CA75DC1DC2080100105165 /* Project object */;
}
